// !$*UTF8*$!
{
	archiveVersion = 1;
	classes = {
	};
	objectVersion = 52;
	objects = {

/* Begin PBXBuildFile section */
		1B0DABC22510517200926415 /* BikingUIApp.swift in Sources */ = {isa = PBXBuildFile; fileRef = 1B0DABC12510517200926415 /* BikingUIApp.swift */; };
		1B0DABC62510517300926415 /* Assets.xcassets in Resources */ = {isa = PBXBuildFile; fileRef = 1B0DABC52510517300926415 /* Assets.xcassets */; };
		1B0DABC92510517300926415 /* Preview Assets.xcassets in Resources */ = {isa = PBXBuildFile; fileRef = 1B0DABC82510517300926415 /* Preview Assets.xcassets */; };
		1B0DABD1251052B700926415 /* Start.swift in Sources */ = {isa = PBXBuildFile; fileRef = 1B0DABD0251052B700926415 /* Start.swift */; };
		1B0DABD3251054A800926415 /* MapView.swift in Sources */ = {isa = PBXBuildFile; fileRef = 1B0DABD2251054A800926415 /* MapView.swift */; };
		1B896D3825197489005A3CED /* ActivityDetail.swift in Sources */ = {isa = PBXBuildFile; fileRef = 1B896D3725197489005A3CED /* ActivityDetail.swift */; };
		1B896D3E251993D6005A3CED /* ActivityOverview.swift in Sources */ = {isa = PBXBuildFile; fileRef = 1B896D3D251993D6005A3CED /* ActivityOverview.swift */; };
		1B896D4225199411005A3CED /* Activity Info.swift in Sources */ = {isa = PBXBuildFile; fileRef = 1B896D4125199411005A3CED /* Activity Info.swift */; };
		1B896DB0251AFD05005A3CED /* GoogleService-Info.plist in Resources */ = {isa = PBXBuildFile; fileRef = 1B896DAF251AFD05005A3CED /* GoogleService-Info.plist */; };
		1B896DB8251B011C005A3CED /* Firebase.swift in Sources */ = {isa = PBXBuildFile; fileRef = 1B896DB7251B011C005A3CED /* Firebase.swift */; };
		1B896DBC251B03A0005A3CED /* Test.swift in Sources */ = {isa = PBXBuildFile; fileRef = 1B896DBB251B03A0005A3CED /* Test.swift */; };
		1B8D542725116252000CBB56 /* TabBar.swift in Sources */ = {isa = PBXBuildFile; fileRef = 1B8D542625116252000CBB56 /* TabBar.swift */; };
		1B9A0ED02515B9F60017AD07 /* Dashboard.swift in Sources */ = {isa = PBXBuildFile; fileRef = 1B9A0ECF2515B9F60017AD07 /* Dashboard.swift */; };
		1B9A0ED52515DADB0017AD07 /* DashMap.swift in Sources */ = {isa = PBXBuildFile; fileRef = 1B9A0ED42515DADB0017AD07 /* DashMap.swift */; };
		1B9A0ED82515DAEB0017AD07 /* DashTabManager.swift in Sources */ = {isa = PBXBuildFile; fileRef = 1B9A0ED72515DAEB0017AD07 /* DashTabManager.swift */; };
		1B9A0EE12517326F0017AD07 /* Core Location.swift in Sources */ = {isa = PBXBuildFile; fileRef = 1B9A0EE02517326F0017AD07 /* Core Location.swift */; };
		1B9A0EE4251740600017AD07 /* StopWatch.swift in Sources */ = {isa = PBXBuildFile; fileRef = 1B9A0EE3251740600017AD07 /* StopWatch.swift */; };
		1B9A0EE82518150E0017AD07 /* SwiftUICharts in Frameworks */ = {isa = PBXBuildFile; productRef = 1B9A0EE72518150E0017AD07 /* SwiftUICharts */; };
		1B9A0EF925185B8A0017AD07 /* Dashboard Buttons.swift in Sources */ = {isa = PBXBuildFile; fileRef = 1B9A0EF825185B8A0017AD07 /* Dashboard Buttons.swift */; };
		1B9E0F09251C30830062F320 /* Activity Cell.swift in Sources */ = {isa = PBXBuildFile; fileRef = 1B9E0F08251C30830062F320 /* Activity Cell.swift */; };
		1BC1DB4F25113E9A008D5162 /* Leading Element.swift in Sources */ = {isa = PBXBuildFile; fileRef = 1BC1DB4E25113E9A008D5162 /* Leading Element.swift */; };
		1BE732BD2512731E0073E5C8 /* History.swift in Sources */ = {isa = PBXBuildFile; fileRef = 1BE732BC2512731E0073E5C8 /* History.swift */; };
		1BE732C125128C120073E5C8 /* ScoreBoard.swift in Sources */ = {isa = PBXBuildFile; fileRef = 1BE732C025128C120073E5C8 /* ScoreBoard.swift */; };
		FD17DC42CCA34F821CC92831 /* Pods_BikingUI.framework in Frameworks */ = {isa = PBXBuildFile; fileRef = 590E2552687948C031DCA97A /* Pods_BikingUI.framework */; };
/* End PBXBuildFile section */

/* Begin PBXFileReference section */
		1B0DABBE2510517200926415 /* BikingUI.app */ = {isa = PBXFileReference; explicitFileType = wrapper.application; includeInIndex = 0; path = BikingUI.app; sourceTree = BUILT_PRODUCTS_DIR; };
		1B0DABC12510517200926415 /* BikingUIApp.swift */ = {isa = PBXFileReference; lastKnownFileType = sourcecode.swift; path = BikingUIApp.swift; sourceTree = "<group>"; };
		1B0DABC52510517300926415 /* Assets.xcassets */ = {isa = PBXFileReference; lastKnownFileType = folder.assetcatalog; path = Assets.xcassets; sourceTree = "<group>"; };
		1B0DABC82510517300926415 /* Preview Assets.xcassets */ = {isa = PBXFileReference; lastKnownFileType = folder.assetcatalog; path = "Preview Assets.xcassets"; sourceTree = "<group>"; };
		1B0DABCA2510517300926415 /* Info.plist */ = {isa = PBXFileReference; lastKnownFileType = text.plist.xml; path = Info.plist; sourceTree = "<group>"; };
		1B0DABD0251052B700926415 /* Start.swift */ = {isa = PBXFileReference; lastKnownFileType = sourcecode.swift; path = Start.swift; sourceTree = "<group>"; };
		1B0DABD2251054A800926415 /* MapView.swift */ = {isa = PBXFileReference; lastKnownFileType = sourcecode.swift; path = MapView.swift; sourceTree = "<group>"; };
		1B896D3725197489005A3CED /* ActivityDetail.swift */ = {isa = PBXFileReference; lastKnownFileType = sourcecode.swift; path = ActivityDetail.swift; sourceTree = "<group>"; };
		1B896D3D251993D6005A3CED /* ActivityOverview.swift */ = {isa = PBXFileReference; lastKnownFileType = sourcecode.swift; path = ActivityOverview.swift; sourceTree = "<group>"; };
		1B896D4125199411005A3CED /* Activity Info.swift */ = {isa = PBXFileReference; lastKnownFileType = sourcecode.swift; path = "Activity Info.swift"; sourceTree = "<group>"; };
		1B896DAF251AFD05005A3CED /* GoogleService-Info.plist */ = {isa = PBXFileReference; fileEncoding = 4; lastKnownFileType = text.plist.xml; path = "GoogleService-Info.plist"; sourceTree = "<group>"; };
		1B896DB7251B011C005A3CED /* Firebase.swift */ = {isa = PBXFileReference; lastKnownFileType = sourcecode.swift; path = Firebase.swift; sourceTree = "<group>"; };
		1B896DBB251B03A0005A3CED /* Test.swift */ = {isa = PBXFileReference; lastKnownFileType = sourcecode.swift; path = Test.swift; sourceTree = "<group>"; };
		1B8D542625116252000CBB56 /* TabBar.swift */ = {isa = PBXFileReference; lastKnownFileType = sourcecode.swift; path = TabBar.swift; sourceTree = "<group>"; };
		1B9A0ECF2515B9F60017AD07 /* Dashboard.swift */ = {isa = PBXFileReference; lastKnownFileType = sourcecode.swift; path = Dashboard.swift; sourceTree = "<group>"; };
		1B9A0ED42515DADB0017AD07 /* DashMap.swift */ = {isa = PBXFileReference; lastKnownFileType = sourcecode.swift; path = DashMap.swift; sourceTree = "<group>"; };
		1B9A0ED72515DAEB0017AD07 /* DashTabManager.swift */ = {isa = PBXFileReference; lastKnownFileType = sourcecode.swift; path = DashTabManager.swift; sourceTree = "<group>"; };
		1B9A0EE02517326F0017AD07 /* Core Location.swift */ = {isa = PBXFileReference; lastKnownFileType = sourcecode.swift; path = "Core Location.swift"; sourceTree = "<group>"; };
		1B9A0EE3251740600017AD07 /* StopWatch.swift */ = {isa = PBXFileReference; lastKnownFileType = sourcecode.swift; path = StopWatch.swift; sourceTree = "<group>"; };
		1B9A0EF825185B8A0017AD07 /* Dashboard Buttons.swift */ = {isa = PBXFileReference; lastKnownFileType = sourcecode.swift; path = "Dashboard Buttons.swift"; sourceTree = "<group>"; };
		1B9E0F08251C30830062F320 /* Activity Cell.swift */ = {isa = PBXFileReference; lastKnownFileType = sourcecode.swift; path = "Activity Cell.swift"; sourceTree = "<group>"; };
		1BC1DB4E25113E9A008D5162 /* Leading Element.swift */ = {isa = PBXFileReference; lastKnownFileType = sourcecode.swift; path = "Leading Element.swift"; sourceTree = "<group>"; };
		1BE732BC2512731E0073E5C8 /* History.swift */ = {isa = PBXFileReference; lastKnownFileType = sourcecode.swift; path = History.swift; sourceTree = "<group>"; };
		1BE732C025128C120073E5C8 /* ScoreBoard.swift */ = {isa = PBXFileReference; lastKnownFileType = sourcecode.swift; path = ScoreBoard.swift; sourceTree = "<group>"; };
		590E2552687948C031DCA97A /* Pods_BikingUI.framework */ = {isa = PBXFileReference; explicitFileType = wrapper.framework; includeInIndex = 0; path = Pods_BikingUI.framework; sourceTree = BUILT_PRODUCTS_DIR; };
		87CF29BE3D6C13C9AC4EA094 /* Pods-BikingUI.debug.xcconfig */ = {isa = PBXFileReference; includeInIndex = 1; lastKnownFileType = text.xcconfig; name = "Pods-BikingUI.debug.xcconfig"; path = "Target Support Files/Pods-BikingUI/Pods-BikingUI.debug.xcconfig"; sourceTree = "<group>"; };
		D0467456A8DB5115383F584C /* Pods-BikingUI.release.xcconfig */ = {isa = PBXFileReference; includeInIndex = 1; lastKnownFileType = text.xcconfig; name = "Pods-BikingUI.release.xcconfig"; path = "Target Support Files/Pods-BikingUI/Pods-BikingUI.release.xcconfig"; sourceTree = "<group>"; };
/* End PBXFileReference section */

/* Begin PBXFrameworksBuildPhase section */
		1B0DABBB2510517200926415 /* Frameworks */ = {
			isa = PBXFrameworksBuildPhase;
			buildActionMask = 2147483647;
			files = (
				1B9A0EE82518150E0017AD07 /* SwiftUICharts in Frameworks */,
				FD17DC42CCA34F821CC92831 /* Pods_BikingUI.framework in Frameworks */,
			);
			runOnlyForDeploymentPostprocessing = 0;
		};
/* End PBXFrameworksBuildPhase section */

/* Begin PBXGroup section */
		1A013F09E35E467F9BBE5D59 /* Pods */ = {
			isa = PBXGroup;
			children = (
				87CF29BE3D6C13C9AC4EA094 /* Pods-BikingUI.debug.xcconfig */,
				D0467456A8DB5115383F584C /* Pods-BikingUI.release.xcconfig */,
			);
			path = Pods;
			sourceTree = "<group>";
		};
		1B0DABB52510517200926415 = {
			isa = PBXGroup;
			children = (
				1B0DABC02510517200926415 /* BikingUI */,
				1B0DABBF2510517200926415 /* Products */,
				1A013F09E35E467F9BBE5D59 /* Pods */,
				5C7C078DE26C4890B1E43C18 /* Frameworks */,
			);
			sourceTree = "<group>";
		};
		1B0DABBF2510517200926415 /* Products */ = {
			isa = PBXGroup;
			children = (
				1B0DABBE2510517200926415 /* BikingUI.app */,
			);
			name = Products;
			sourceTree = "<group>";
		};
		1B0DABC02510517200926415 /* BikingUI */ = {
			isa = PBXGroup;
			children = (
				1B896DB2251B00B6005A3CED /* Models */,
				1B9A0ECE2515B7B70017AD07 /* Tracking */,
				1BE732BB2512730D0073E5C8 /* History */,
				1BC1DB5025114B6D008D5162 /* Start Page */,
				1BC1DB4D25113E23008D5162 /* Elements */,
				1B8D542625116252000CBB56 /* TabBar.swift */,
				1B0DABC12510517200926415 /* BikingUIApp.swift */,
				1B0DABC52510517300926415 /* Assets.xcassets */,
				1B0DABCA2510517300926415 /* Info.plist */,
				1B896DAF251AFD05005A3CED /* GoogleService-Info.plist */,
				1B0DABC72510517300926415 /* Preview Content */,
			);
			path = BikingUI;
			sourceTree = "<group>";
		};
		1B0DABC72510517300926415 /* Preview Content */ = {
			isa = PBXGroup;
			children = (
				1B0DABC82510517300926415 /* Preview Assets.xcassets */,
			);
			path = "Preview Content";
			sourceTree = "<group>";
		};
		1B896DB2251B00B6005A3CED /* Models */ = {
			isa = PBXGroup;
			children = (
				1B896DB7251B011C005A3CED /* Firebase.swift */,
				1B896DBB251B03A0005A3CED /* Test.swift */,
			);
			path = Models;
			sourceTree = "<group>";
		};
		1B9A0ECE2515B7B70017AD07 /* Tracking */ = {
			isa = PBXGroup;
			children = (
				1B9A0ED72515DAEB0017AD07 /* DashTabManager.swift */,
				1B9A0ECF2515B9F60017AD07 /* Dashboard.swift */,
				1B9A0ED42515DADB0017AD07 /* DashMap.swift */,
				1B9A0EF825185B8A0017AD07 /* Dashboard Buttons.swift */,
				1B896D3D251993D6005A3CED /* ActivityOverview.swift */,
			);
			path = Tracking;
			sourceTree = "<group>";
		};
		1BC1DB4D25113E23008D5162 /* Elements */ = {
			isa = PBXGroup;
			children = (
				1BC1DB4E25113E9A008D5162 /* Leading Element.swift */,
				1B896D4125199411005A3CED /* Activity Info.swift */,
			);
			path = Elements;
			sourceTree = "<group>";
		};
		1BC1DB5025114B6D008D5162 /* Start Page */ = {
			isa = PBXGroup;
			children = (
				1B0DABD0251052B700926415 /* Start.swift */,
				1B0DABD2251054A800926415 /* MapView.swift */,
				1B9A0EE02517326F0017AD07 /* Core Location.swift */,
				1B9A0EE3251740600017AD07 /* StopWatch.swift */,
			);
			path = "Start Page";
			sourceTree = "<group>";
		};
		1BE732BB2512730D0073E5C8 /* History */ = {
			isa = PBXGroup;
			children = (
				1BE732BC2512731E0073E5C8 /* History.swift */,
				1BE732C025128C120073E5C8 /* ScoreBoard.swift */,
				1B896D3725197489005A3CED /* ActivityDetail.swift */,
				1B9E0F08251C30830062F320 /* Activity Cell.swift */,
			);
			path = History;
			sourceTree = "<group>";
		};
		5C7C078DE26C4890B1E43C18 /* Frameworks */ = {
			isa = PBXGroup;
			children = (
				590E2552687948C031DCA97A /* Pods_BikingUI.framework */,
			);
			name = Frameworks;
			sourceTree = "<group>";
		};
/* End PBXGroup section */

/* Begin PBXNativeTarget section */
		1B0DABBD2510517200926415 /* BikingUI */ = {
			isa = PBXNativeTarget;
			buildConfigurationList = 1B0DABCD2510517300926415 /* Build configuration list for PBXNativeTarget "BikingUI" */;
			buildPhases = (
				00DA24683CEB9C74F1E9BA2C /* [CP] Check Pods Manifest.lock */,
				1B0DABBA2510517200926415 /* Sources */,
				1B0DABBB2510517200926415 /* Frameworks */,
				1B0DABBC2510517200926415 /* Resources */,
				6AD57AFF99E96531407F87F7 /* [CP] Embed Pods Frameworks */,
			);
			buildRules = (
			);
			dependencies = (
			);
			name = BikingUI;
			packageProductDependencies = (
				1B9A0EE72518150E0017AD07 /* SwiftUICharts */,
			);
			productName = BikingUI;
			productReference = 1B0DABBE2510517200926415 /* BikingUI.app */;
			productType = "com.apple.product-type.application";
		};
/* End PBXNativeTarget section */

/* Begin PBXProject section */
		1B0DABB62510517200926415 /* Project object */ = {
			isa = PBXProject;
			attributes = {
				LastSwiftUpdateCheck = 1200;
				LastUpgradeCheck = 1200;
				TargetAttributes = {
					1B0DABBD2510517200926415 = {
						CreatedOnToolsVersion = 12.0;
					};
				};
			};
			buildConfigurationList = 1B0DABB92510517200926415 /* Build configuration list for PBXProject "BikingUI" */;
			compatibilityVersion = "Xcode 9.3";
			developmentRegion = en;
			hasScannedForEncodings = 0;
			knownRegions = (
				en,
				Base,
			);
			mainGroup = 1B0DABB52510517200926415;
			packageReferences = (
				1B9A0EE62518150E0017AD07 /* XCRemoteSwiftPackageReference "ChartView" */,
			);
			productRefGroup = 1B0DABBF2510517200926415 /* Products */;
			projectDirPath = "";
			projectRoot = "";
			targets = (
				1B0DABBD2510517200926415 /* BikingUI */,
			);
		};
/* End PBXProject section */

/* Begin PBXResourcesBuildPhase section */
		1B0DABBC2510517200926415 /* Resources */ = {
			isa = PBXResourcesBuildPhase;
			buildActionMask = 2147483647;
			files = (
				1B0DABC92510517300926415 /* Preview Assets.xcassets in Resources */,
				1B0DABC62510517300926415 /* Assets.xcassets in Resources */,
				1B896DB0251AFD05005A3CED /* GoogleService-Info.plist in Resources */,
			);
			runOnlyForDeploymentPostprocessing = 0;
		};
/* End PBXResourcesBuildPhase section */

/* Begin PBXShellScriptBuildPhase section */
		00DA24683CEB9C74F1E9BA2C /* [CP] Check Pods Manifest.lock */ = {
			isa = PBXShellScriptBuildPhase;
			buildActionMask = 2147483647;
			files = (
			);
			inputFileListPaths = (
			);
			inputPaths = (
				"${PODS_PODFILE_DIR_PATH}/Podfile.lock",
				"${PODS_ROOT}/Manifest.lock",
			);
			name = "[CP] Check Pods Manifest.lock";
			outputFileListPaths = (
			);
			outputPaths = (
				"$(DERIVED_FILE_DIR)/Pods-BikingUI-checkManifestLockResult.txt",
			);
			runOnlyForDeploymentPostprocessing = 0;
			shellPath = /bin/sh;
			shellScript = "diff \"${PODS_PODFILE_DIR_PATH}/Podfile.lock\" \"${PODS_ROOT}/Manifest.lock\" > /dev/null\nif [ $? != 0 ] ; then\n    # print error to STDERR\n    echo \"error: The sandbox is not in sync with the Podfile.lock. Run 'pod install' or update your CocoaPods installation.\" >&2\n    exit 1\nfi\n# This output is used by Xcode 'outputs' to avoid re-running this script phase.\necho \"SUCCESS\" > \"${SCRIPT_OUTPUT_FILE_0}\"\n";
			showEnvVarsInLog = 0;
		};
		6AD57AFF99E96531407F87F7 /* [CP] Embed Pods Frameworks */ = {
			isa = PBXShellScriptBuildPhase;
			buildActionMask = 2147483647;
			files = (
			);
			inputFileListPaths = (
				"${PODS_ROOT}/Target Support Files/Pods-BikingUI/Pods-BikingUI-frameworks-${CONFIGURATION}-input-files.xcfilelist",
			);
			name = "[CP] Embed Pods Frameworks";
			outputFileListPaths = (
				"${PODS_ROOT}/Target Support Files/Pods-BikingUI/Pods-BikingUI-frameworks-${CONFIGURATION}-output-files.xcfilelist",
			);
			runOnlyForDeploymentPostprocessing = 0;
			shellPath = /bin/sh;
			shellScript = "\"${PODS_ROOT}/Target Support Files/Pods-BikingUI/Pods-BikingUI-frameworks.sh\"\n";
			showEnvVarsInLog = 0;
		};
/* End PBXShellScriptBuildPhase section */

/* Begin PBXSourcesBuildPhase section */
		1B0DABBA2510517200926415 /* Sources */ = {
			isa = PBXSourcesBuildPhase;
			buildActionMask = 2147483647;
			files = (
				1B9A0EE4251740600017AD07 /* StopWatch.swift in Sources */,
				1B9A0EE12517326F0017AD07 /* Core Location.swift in Sources */,
				1B9A0ED52515DADB0017AD07 /* DashMap.swift in Sources */,
				1B896D3E251993D6005A3CED /* ActivityOverview.swift in Sources */,
				1B9A0EF925185B8A0017AD07 /* Dashboard Buttons.swift in Sources */,
				1B0DABD3251054A800926415 /* MapView.swift in Sources */,
				1B896DB8251B011C005A3CED /* Firebase.swift in Sources */,
				1B9A0ED02515B9F60017AD07 /* Dashboard.swift in Sources */,
				1B896D4225199411005A3CED /* Activity Info.swift in Sources */,
				1BE732BD2512731E0073E5C8 /* History.swift in Sources */,
				1BE732C125128C120073E5C8 /* ScoreBoard.swift in Sources */,
				1B9E0F09251C30830062F320 /* Activity Cell.swift in Sources */,
				1B896DBC251B03A0005A3CED /* Test.swift in Sources */,
				1BC1DB4F25113E9A008D5162 /* Leading Element.swift in Sources */,
				1B896D3825197489005A3CED /* ActivityDetail.swift in Sources */,
				1B0DABD1251052B700926415 /* Start.swift in Sources */,
				1B0DABC22510517200926415 /* BikingUIApp.swift in Sources */,
				1B9A0ED82515DAEB0017AD07 /* DashTabManager.swift in Sources */,
				1B8D542725116252000CBB56 /* TabBar.swift in Sources */,
			);
			runOnlyForDeploymentPostprocessing = 0;
		};
/* End PBXSourcesBuildPhase section */

/* Begin XCBuildConfiguration section */
		1B0DABCB2510517300926415 /* Debug */ = {
			isa = XCBuildConfiguration;
			buildSettings = {
				ALWAYS_SEARCH_USER_PATHS = NO;
				CLANG_ANALYZER_NONNULL = YES;
				CLANG_ANALYZER_NUMBER_OBJECT_CONVERSION = YES_AGGRESSIVE;
				CLANG_CXX_LANGUAGE_STANDARD = "gnu++14";
				CLANG_CXX_LIBRARY = "libc++";
				CLANG_ENABLE_MODULES = YES;
				CLANG_ENABLE_OBJC_ARC = YES;
				CLANG_ENABLE_OBJC_WEAK = YES;
				CLANG_WARN_BLOCK_CAPTURE_AUTORELEASING = YES;
				CLANG_WARN_BOOL_CONVERSION = YES;
				CLANG_WARN_COMMA = YES;
				CLANG_WARN_CONSTANT_CONVERSION = YES;
				CLANG_WARN_DEPRECATED_OBJC_IMPLEMENTATIONS = YES;
				CLANG_WARN_DIRECT_OBJC_ISA_USAGE = YES_ERROR;
				CLANG_WARN_DOCUMENTATION_COMMENTS = YES;
				CLANG_WARN_EMPTY_BODY = YES;
				CLANG_WARN_ENUM_CONVERSION = YES;
				CLANG_WARN_INFINITE_RECURSION = YES;
				CLANG_WARN_INT_CONVERSION = YES;
				CLANG_WARN_NON_LITERAL_NULL_CONVERSION = YES;
				CLANG_WARN_OBJC_IMPLICIT_RETAIN_SELF = YES;
				CLANG_WARN_OBJC_LITERAL_CONVERSION = YES;
				CLANG_WARN_OBJC_ROOT_CLASS = YES_ERROR;
				CLANG_WARN_QUOTED_INCLUDE_IN_FRAMEWORK_HEADER = YES;
				CLANG_WARN_RANGE_LOOP_ANALYSIS = YES;
				CLANG_WARN_STRICT_PROTOTYPES = YES;
				CLANG_WARN_SUSPICIOUS_MOVE = YES;
				CLANG_WARN_UNGUARDED_AVAILABILITY = YES_AGGRESSIVE;
				CLANG_WARN_UNREACHABLE_CODE = YES;
				CLANG_WARN__DUPLICATE_METHOD_MATCH = YES;
				COPY_PHASE_STRIP = NO;
				DEBUG_INFORMATION_FORMAT = dwarf;
				ENABLE_STRICT_OBJC_MSGSEND = YES;
				ENABLE_TESTABILITY = YES;
				GCC_C_LANGUAGE_STANDARD = gnu11;
				GCC_DYNAMIC_NO_PIC = NO;
				GCC_NO_COMMON_BLOCKS = YES;
				GCC_OPTIMIZATION_LEVEL = 0;
				GCC_PREPROCESSOR_DEFINITIONS = (
					"DEBUG=1",
					"$(inherited)",
				);
				GCC_WARN_64_TO_32_BIT_CONVERSION = YES;
				GCC_WARN_ABOUT_RETURN_TYPE = YES_ERROR;
				GCC_WARN_UNDECLARED_SELECTOR = YES;
				GCC_WARN_UNINITIALIZED_AUTOS = YES_AGGRESSIVE;
				GCC_WARN_UNUSED_FUNCTION = YES;
				GCC_WARN_UNUSED_VARIABLE = YES;
				IPHONEOS_DEPLOYMENT_TARGET = 14.0;
				MTL_ENABLE_DEBUG_INFO = INCLUDE_SOURCE;
				MTL_FAST_MATH = YES;
				ONLY_ACTIVE_ARCH = YES;
				SDKROOT = iphoneos;
				SWIFT_ACTIVE_COMPILATION_CONDITIONS = DEBUG;
				SWIFT_OPTIMIZATION_LEVEL = "-Onone";
			};
			name = Debug;
		};
		1B0DABCC2510517300926415 /* Release */ = {
			isa = XCBuildConfiguration;
			buildSettings = {
				ALWAYS_SEARCH_USER_PATHS = NO;
				CLANG_ANALYZER_NONNULL = YES;
				CLANG_ANALYZER_NUMBER_OBJECT_CONVERSION = YES_AGGRESSIVE;
				CLANG_CXX_LANGUAGE_STANDARD = "gnu++14";
				CLANG_CXX_LIBRARY = "libc++";
				CLANG_ENABLE_MODULES = YES;
				CLANG_ENABLE_OBJC_ARC = YES;
				CLANG_ENABLE_OBJC_WEAK = YES;
				CLANG_WARN_BLOCK_CAPTURE_AUTORELEASING = YES;
				CLANG_WARN_BOOL_CONVERSION = YES;
				CLANG_WARN_COMMA = YES;
				CLANG_WARN_CONSTANT_CONVERSION = YES;
				CLANG_WARN_DEPRECATED_OBJC_IMPLEMENTATIONS = YES;
				CLANG_WARN_DIRECT_OBJC_ISA_USAGE = YES_ERROR;
				CLANG_WARN_DOCUMENTATION_COMMENTS = YES;
				CLANG_WARN_EMPTY_BODY = YES;
				CLANG_WARN_ENUM_CONVERSION = YES;
				CLANG_WARN_INFINITE_RECURSION = YES;
				CLANG_WARN_INT_CONVERSION = YES;
				CLANG_WARN_NON_LITERAL_NULL_CONVERSION = YES;
				CLANG_WARN_OBJC_IMPLICIT_RETAIN_SELF = YES;
				CLANG_WARN_OBJC_LITERAL_CONVERSION = YES;
				CLANG_WARN_OBJC_ROOT_CLASS = YES_ERROR;
				CLANG_WARN_QUOTED_INCLUDE_IN_FRAMEWORK_HEADER = YES;
				CLANG_WARN_RANGE_LOOP_ANALYSIS = YES;
				CLANG_WARN_STRICT_PROTOTYPES = YES;
				CLANG_WARN_SUSPICIOUS_MOVE = YES;
				CLANG_WARN_UNGUARDED_AVAILABILITY = YES_AGGRESSIVE;
				CLANG_WARN_UNREACHABLE_CODE = YES;
				CLANG_WARN__DUPLICATE_METHOD_MATCH = YES;
				COPY_PHASE_STRIP = NO;
				DEBUG_INFORMATION_FORMAT = "dwarf-with-dsym";
				ENABLE_NS_ASSERTIONS = NO;
				ENABLE_STRICT_OBJC_MSGSEND = YES;
				GCC_C_LANGUAGE_STANDARD = gnu11;
				GCC_NO_COMMON_BLOCKS = YES;
				GCC_WARN_64_TO_32_BIT_CONVERSION = YES;
				GCC_WARN_ABOUT_RETURN_TYPE = YES_ERROR;
				GCC_WARN_UNDECLARED_SELECTOR = YES;
				GCC_WARN_UNINITIALIZED_AUTOS = YES_AGGRESSIVE;
				GCC_WARN_UNUSED_FUNCTION = YES;
				GCC_WARN_UNUSED_VARIABLE = YES;
				IPHONEOS_DEPLOYMENT_TARGET = 14.0;
				MTL_ENABLE_DEBUG_INFO = NO;
				MTL_FAST_MATH = YES;
				SDKROOT = iphoneos;
				SWIFT_COMPILATION_MODE = wholemodule;
				SWIFT_OPTIMIZATION_LEVEL = "-O";
				VALIDATE_PRODUCT = YES;
			};
			name = Release;
		};
		1B0DABCE2510517300926415 /* Debug */ = {
			isa = XCBuildConfiguration;
			baseConfigurationReference = 87CF29BE3D6C13C9AC4EA094 /* Pods-BikingUI.debug.xcconfig */;
			buildSettings = {
				ASSETCATALOG_COMPILER_APPICON_NAME = AppIcon;
				ASSETCATALOG_COMPILER_GLOBAL_ACCENT_COLOR_NAME = AccentColor;
				CODE_SIGN_STYLE = Automatic;
				DEVELOPMENT_ASSET_PATHS = "\"BikingUI/Preview Content\"";
				DEVELOPMENT_TEAM = LL6476HKHT;
				ENABLE_PREVIEWS = YES;
				INFOPLIST_FILE = BikingUI/Info.plist;
				IPHONEOS_DEPLOYMENT_TARGET = 14.0;
				LD_RUNPATH_SEARCH_PATHS = (
					"$(inherited)",
					"@executable_path/Frameworks",
				);
				PRODUCT_BUNDLE_IDENTIFIER = com.sagar.BikingUI;
				PRODUCT_NAME = "$(TARGET_NAME)";
				SWIFT_VERSION = 5.0;
				TARGETED_DEVICE_FAMILY = "1,2";
			};
			name = Debug;
		};
		1B0DABCF2510517300926415 /* Release */ = {
			isa = XCBuildConfiguration;
			baseConfigurationReference = D0467456A8DB5115383F584C /* Pods-BikingUI.release.xcconfig */;
			buildSettings = {
				ASSETCATALOG_COMPILER_APPICON_NAME = AppIcon;
				ASSETCATALOG_COMPILER_GLOBAL_ACCENT_COLOR_NAME = AccentColor;
				CODE_SIGN_STYLE = Automatic;
				DEVELOPMENT_ASSET_PATHS = "\"BikingUI/Preview Content\"";
				DEVELOPMENT_TEAM = LL6476HKHT;
				ENABLE_PREVIEWS = YES;
				INFOPLIST_FILE = BikingUI/Info.plist;
				IPHONEOS_DEPLOYMENT_TARGET = 14.0;
				LD_RUNPATH_SEARCH_PATHS = (
					"$(inherited)",
					"@executable_path/Frameworks",
				);
				PRODUCT_BUNDLE_IDENTIFIER = com.sagar.BikingUI;
				PRODUCT_NAME = "$(TARGET_NAME)";
				SWIFT_VERSION = 5.0;
				TARGETED_DEVICE_FAMILY = "1,2";
			};
			name = Release;
		};
/* End XCBuildConfiguration section */

/* Begin XCConfigurationList section */
		1B0DABB92510517200926415 /* Build configuration list for PBXProject "BikingUI" */ = {
			isa = XCConfigurationList;
			buildConfigurations = (
				1B0DABCB2510517300926415 /* Debug */,
				1B0DABCC2510517300926415 /* Release */,
			);
			defaultConfigurationIsVisible = 0;
			defaultConfigurationName = Release;
		};
		1B0DABCD2510517300926415 /* Build configuration list for PBXNativeTarget "BikingUI" */ = {
			isa = XCConfigurationList;
			buildConfigurations = (
				1B0DABCE2510517300926415 /* Debug */,
				1B0DABCF2510517300926415 /* Release */,
			);
			defaultConfigurationIsVisible = 0;
			defaultConfigurationName = Release;
		};
/* End XCConfigurationList section */

/* Begin XCRemoteSwiftPackageReference section */
		1B9A0EE62518150E0017AD07 /* XCRemoteSwiftPackageReference "ChartView" */ = {
			isa = XCRemoteSwiftPackageReference;
			repositoryURL = "https://github.com/AppPear/ChartView";
			requirement = {
				branch = "new-version";
				kind = branch;
			};
		};
/* End XCRemoteSwiftPackageReference section */

/* Begin XCSwiftPackageProductDependency section */
		1B9A0EE72518150E0017AD07 /* SwiftUICharts */ = {
			isa = XCSwiftPackageProductDependency;
			package = 1B9A0EE62518150E0017AD07 /* XCRemoteSwiftPackageReference "ChartView" */;
			productName = SwiftUICharts;
		};
/* End XCSwiftPackageProductDependency section */
	};
	rootObject = 1B0DABB62510517200926415 /* Project object */;
}
